
Microsoft Visual Studio Solution File, Format Version 12.00
# Visual Studio Version 16
VisualStudioVersion = 16.0.30225.117
MinimumVisualStudioVersion = 10.0.40219.1
Project("{FAE04EC0-301F-11D3-BF4B-00C04F79EFBC}") = "Doters", "Doters\Doters.csproj", "{B795ADB4-534B-47CD-8A1D-1CB842DF1B1B}"
EndProject
Global
	GlobalSection(SolutionConfigurationPlatforms) = preSolution
		Debug|Any CPU = Debug|Any CPU
		Release|Any CPU = Release|Any CPU
	EndGlobalSection
	GlobalSection(ProjectConfigurationPlatforms) = postSolution
		{B795ADB4-534B-47CD-8A1D-1CB842DF1B1B}.Debug|Any CPU.ActiveCfg = Debug|Any CPU
		{B795ADB4-534B-47CD-8A1D-1CB842DF1B1B}.Debug|Any CPU.Build.0 = Debug|Any CPU
		{B795ADB4-534B-47CD-8A1D-1CB842DF1B1B}.Release|Any CPU.ActiveCfg = Release|Any CPU
		{B795ADB4-534B-47CD-8A1D-1CB842DF1B1B}.Release|Any CPU.Build.0 = Release|Any CPU
	EndGlobalSection
	GlobalSection(SolutionProperties) = preSolution
		HideSolutionNode = FALSE
	EndGlobalSection
	GlobalSection(ExtensibilityGlobals) = postSolution
		SolutionGuid = {537A429A-1D54-4465-ABAE-7B32AC93A551}
	EndGlobalSection
EndGlobal
